
Microsoft Visual Studio Solution File, Format Version 12.00
# Visual Studio Version 17
VisualStudioVersion = 17.13.35913.81 d17.13
MinimumVisualStudioVersion = 10.0.40219.1
Project("{FAE04EC0-301F-11D3-BF4B-00C04F79EFBC}") = "semana6C", "semana6C\semana6C.csproj", "{3C87CC22-C7F3-48F1-9E92-CA87854363FC}"
EndProject
Global
	GlobalSection(SolutionConfigurationPlatforms) = preSolution
		Debug|Any CPU = Debug|Any CPU
		Release|Any CPU = Release|Any CPU
	EndGlobalSection
	GlobalSection(ProjectConfigurationPlatforms) = postSolution
		{3C87CC22-C7F3-48F1-9E92-CA87854363FC}.Debug|Any CPU.ActiveCfg = Debug|Any CPU
		{3C87CC22-C7F3-48F1-9E92-CA87854363FC}.Debug|Any CPU.Build.0 = Debug|Any CPU
		{3C87CC22-C7F3-48F1-9E92-CA87854363FC}.Release|Any CPU.ActiveCfg = Release|Any CPU
		{3C87CC22-C7F3-48F1-9E92-CA87854363FC}.Release|Any CPU.Build.0 = Release|Any CPU
	EndGlobalSection
	GlobalSection(SolutionProperties) = preSolution
		HideSolutionNode = FALSE
	EndGlobalSection
	GlobalSection(ExtensibilityGlobals) = postSolution
		SolutionGuid = {6DAF9B65-3BF0-4748-B346-2C557D16CF01}
	EndGlobalSection
EndGlobal
